{
  "name": "calendar",
  "lockfileVersion": 3,
  "requires": true,
  "packages": {
    "": {
      "devDependencies": {
        "tailwindcss": "^4.0.0",
        "tailwindcss-3d": "^1.0.7"
      }
    },
    "node_modules/@swc/helpers": {
      "version": "0.5.12",
      "resolved": "https://registry.npmjs.org/@swc/helpers/-/helpers-0.5.12.tgz",
      "integrity": "sha512-KMZNXiGibsW9kvZAO1Pam2JPTDBm+KSHMMHWdsyI/1DbIZjT2A6Gy3hblVXUMEDvUAKq+e0vL0X0o54owWji7g==",
      "dev": true,
      "dependencies": {
        "tslib": "^2.4.0"
      }
    },
    "node_modules/lodash": {
      "version": "4.17.21",
      "resolved": "https://registry.npmjs.org/lodash/-/lodash-4.17.21.tgz",
      "integrity": "sha512-v2kDEe57lecTulaDIuNTPy3Ry4gLGJ6Z1O3vE1krgXZNrsQ+LFTGHVxVjcXPs17LhbZVGedAJv8XZ1tvj5FvSg==",
      "dev": true
    },
    "node_modules/tailwindcss": {
      "version": "4.0.0",
      "resolved": "https://registry.npmjs.org/tailwindcss/-/tailwindcss-4.0.0.tgz",
      "integrity": "sha512-ULRPI3A+e39T7pSaf1xoi58AqqJxVCLg8F/uM5A3FadUbnyDTgltVnXJvdkTjwCOGA6NazqHVcwPJC5h2vRYVQ==",
      "dev": true,
      "license": "MIT"
    },
    "node_modules/tailwindcss-3d": {
      "version": "1.0.7",
      "resolved": "https://registry.npmjs.org/tailwindcss-3d/-/tailwindcss-3d-1.0.7.tgz",
      "integrity": "sha512-WRW0HTwtBSlbFt4dztoDlCZyPHWM1wu/hn52kVqdVYrTFfgTcSCU5lNAIU+seL5eoaH7EIyQC5N4ok252ktSeQ==",
      "dev": true,
      "dependencies": {
        "@swc/helpers": "0.5.12",
        "lodash": "4.17.21"
      },
      "peerDependencies": {
        "tailwindcss": ">=3.2.0"
      }
    },
    "node_modules/tslib": {
      "version": "2.6.3",
      "resolved": "https://registry.npmjs.org/tslib/-/tslib-2.6.3.tgz",
      "integrity": "sha512-xNvxJEOUiWPGhUuUdQgAJPKOOJfGnIyKySOc09XkKsgdUV/3E2zvwZYdejjmRgPCgcym1juLH3226yA7sEFJKQ==",
      "dev": true
    }
  }
}
